// !$*UTF8*$!
{
	archiveVersion = 1;
	classes = {
	};
	objectVersion = 46;
	objects = {

/* Begin PBXBuildFile section */
		2205D5001CD0DBF300A8D261 /* serverb.p12 in Resources */ = {isa = PBXBuildFile; fileRef = 2205D4FF1CD0DBF300A8D261 /* serverb.p12 */; };
		223197801CF335E400CC4461 /* CompanionSelectorViewController.m in Sources */ = {isa = PBXBuildFile; fileRef = 2231977E1CF335E400CC4461 /* CompanionSelectorViewController.m */; };
		223197811CF335E400CC4461 /* CompanionSelectorViewController.xib in Resources */ = {isa = PBXBuildFile; fileRef = 2231977F1CF335E400CC4461 /* CompanionSelectorViewController.xib */; };
		2231978B1CF337D800CC4461 /* POSTableCell.m in Sources */ = {isa = PBXBuildFile; fileRef = 223197891CF337D800CC4461 /* POSTableCell.m */; };
		2231978C1CF337D800CC4461 /* POSTableCell.xib in Resources */ = {isa = PBXBuildFile; fileRef = 2231978A1CF337D800CC4461 /* POSTableCell.xib */; };
		2231978E1CF340D900CC4461 /* LaunchScreen.storyboard in Resources */ = {isa = PBXBuildFile; fileRef = 2231978D1CF340D900CC4461 /* LaunchScreen.storyboard */; };
		223197931CF34FEA00CC4461 /* PseudoModal.m in Sources */ = {isa = PBXBuildFile; fileRef = 223197921CF34FEA00CC4461 /* PseudoModal.m */; };
		223197961CF3503700CC4461 /* MYUtls.m in Sources */ = {isa = PBXBuildFile; fileRef = 223197951CF3503700CC4461 /* MYUtls.m */; };
		2231979B1CF3508500CC4461 /* SingleComponentPicker.m in Sources */ = {isa = PBXBuildFile; fileRef = 223197981CF3508500CC4461 /* SingleComponentPicker.m */; };
		2231979C1CF3508500CC4461 /* SingleComponentResponseObject.m in Sources */ = {isa = PBXBuildFile; fileRef = 2231979A1CF3508500CC4461 /* SingleComponentResponseObject.m */; };
		2232B7031CCFBC29004F606D /* Prefix.pch in Resources */ = {isa = PBXBuildFile; fileRef = 2232B7021CCFBC29004F606D /* Prefix.pch */; };
		225E17E61D2BD95200092E19 /* Valitor.a in Frameworks */ = {isa = PBXBuildFile; fileRef = 225E17E51D2BD95200092E19 /* Valitor.a */; };
		2288A08E1CE2214900F62A75 /* VALResponses in Resources */ = {isa = PBXBuildFile; fileRef = 2288A08D1CE2214900F62A75 /* VALResponses */; };
		22E8EB5C1CCF786C00E04C44 /* ActionMenu.m in Sources */ = {isa = PBXBuildFile; fileRef = 22E8EB5A1CCF786C00E04C44 /* ActionMenu.m */; };
		22E8EB5D1CCF786C00E04C44 /* ActionMenu.xib in Resources */ = {isa = PBXBuildFile; fileRef = 22E8EB5B1CCF786C00E04C44 /* ActionMenu.xib */; };
		22F723AE1CC641120033A3DA /* main.m in Sources */ = {isa = PBXBuildFile; fileRef = 22F723AD1CC641120033A3DA /* main.m */; };
		22F723B11CC641120033A3DA /* AppDelegate.m in Sources */ = {isa = PBXBuildFile; fileRef = 22F723B01CC641120033A3DA /* AppDelegate.m */; };
		22F723B91CC641120033A3DA /* Assets.xcassets in Resources */ = {isa = PBXBuildFile; fileRef = 22F723B81CC641120033A3DA /* Assets.xcassets */; };
		22FCD98F1CD394280005E6D4 /* iSMP.framework in Frameworks */ = {isa = PBXBuildFile; fileRef = 22FCD98E1CD394280005E6D4 /* iSMP.framework */; };
		22FCD99B1CD8BB690005E6D4 /* TestProjectUnitTests.m in Sources */ = {isa = PBXBuildFile; fileRef = 22FCD99A1CD8BB690005E6D4 /* TestProjectUnitTests.m */; };
		AACE2A213308AD74BE3B1A42 /* libPods-TestProject.a in Frameworks */ = {isa = PBXBuildFile; fileRef = FA79A25171BE1BCE8419E883 /* libPods-TestProject.a */; };
/* End PBXBuildFile section */

/* Begin PBXContainerItemProxy section */
		22FCD99D1CD8BB690005E6D4 /* PBXContainerItemProxy */ = {
			isa = PBXContainerItemProxy;
			containerPortal = 22F723A11CC641120033A3DA /* Project object */;
			proxyType = 1;
			remoteGlobalIDString = 22F723A81CC641120033A3DA;
			remoteInfo = TestProject;
		};
/* End PBXContainerItemProxy section */

/* Begin PBXFileReference section */
		2205D4FF1CD0DBF300A8D261 /* serverb.p12 */ = {isa = PBXFileReference; lastKnownFileType = file; path = serverb.p12; sourceTree = "<group>"; };
		2231977D1CF335E400CC4461 /* CompanionSelectorViewController.h */ = {isa = PBXFileReference; fileEncoding = 4; lastKnownFileType = sourcecode.c.h; path = CompanionSelectorViewController.h; sourceTree = "<group>"; };
		2231977E1CF335E400CC4461 /* CompanionSelectorViewController.m */ = {isa = PBXFileReference; fileEncoding = 4; lastKnownFileType = sourcecode.c.objc; path = CompanionSelectorViewController.m; sourceTree = "<group>"; };
		2231977F1CF335E400CC4461 /* CompanionSelectorViewController.xib */ = {isa = PBXFileReference; fileEncoding = 4; lastKnownFileType = file.xib; path = CompanionSelectorViewController.xib; sourceTree = "<group>"; };
		223197881CF337D800CC4461 /* POSTableCell.h */ = {isa = PBXFileReference; fileEncoding = 4; lastKnownFileType = sourcecode.c.h; path = POSTableCell.h; sourceTree = "<group>"; };
		223197891CF337D800CC4461 /* POSTableCell.m */ = {isa = PBXFileReference; fileEncoding = 4; lastKnownFileType = sourcecode.c.objc; path = POSTableCell.m; sourceTree = "<group>"; };
		2231978A1CF337D800CC4461 /* POSTableCell.xib */ = {isa = PBXFileReference; fileEncoding = 4; lastKnownFileType = file.xib; path = POSTableCell.xib; sourceTree = "<group>"; };
		2231978D1CF340D900CC4461 /* LaunchScreen.storyboard */ = {isa = PBXFileReference; fileEncoding = 4; lastKnownFileType = file.storyboard; path = LaunchScreen.storyboard; sourceTree = "<group>"; };
		223197911CF34FEA00CC4461 /* PseudoModal.h */ = {isa = PBXFileReference; fileEncoding = 4; lastKnownFileType = sourcecode.c.h; path = PseudoModal.h; sourceTree = "<group>"; };
		223197921CF34FEA00CC4461 /* PseudoModal.m */ = {isa = PBXFileReference; fileEncoding = 4; lastKnownFileType = sourcecode.c.objc; path = PseudoModal.m; sourceTree = "<group>"; };
		223197941CF3503700CC4461 /* MYUtls.h */ = {isa = PBXFileReference; fileEncoding = 4; lastKnownFileType = sourcecode.c.h; path = MYUtls.h; sourceTree = "<group>"; };
		223197951CF3503700CC4461 /* MYUtls.m */ = {isa = PBXFileReference; fileEncoding = 4; lastKnownFileType = sourcecode.c.objc; path = MYUtls.m; sourceTree = "<group>"; };
		223197971CF3508500CC4461 /* SingleComponentPicker.h */ = {isa = PBXFileReference; fileEncoding = 4; lastKnownFileType = sourcecode.c.h; path = SingleComponentPicker.h; sourceTree = "<group>"; };
		223197981CF3508500CC4461 /* SingleComponentPicker.m */ = {isa = PBXFileReference; fileEncoding = 4; lastKnownFileType = sourcecode.c.objc; path = SingleComponentPicker.m; sourceTree = "<group>"; };
		223197991CF3508500CC4461 /* SingleComponentResponseObject.h */ = {isa = PBXFileReference; fileEncoding = 4; lastKnownFileType = sourcecode.c.h; path = SingleComponentResponseObject.h; sourceTree = "<group>"; };
		2231979A1CF3508500CC4461 /* SingleComponentResponseObject.m */ = {isa = PBXFileReference; fileEncoding = 4; lastKnownFileType = sourcecode.c.objc; path = SingleComponentResponseObject.m; sourceTree = "<group>"; };
		2232B7021CCFBC29004F606D /* Prefix.pch */ = {isa = PBXFileReference; fileEncoding = 4; lastKnownFileType = sourcecode.c.h; name = Prefix.pch; path = ../Prefix.pch; sourceTree = "<group>"; };
		225E17E51D2BD95200092E19 /* Valitor.a */ = {isa = PBXFileReference; lastKnownFileType = archive.ar; name = Valitor.a; path = Pods/Valitor/Valitor/Classes/Valitor.a; sourceTree = "<group>"; };
		2288A08D1CE2214900F62A75 /* VALResponses */ = {isa = PBXFileReference; fileEncoding = 4; lastKnownFileType = text; path = VALResponses; sourceTree = "<group>"; };
		22E8EB591CCF786C00E04C44 /* ActionMenu.h */ = {isa = PBXFileReference; fileEncoding = 4; lastKnownFileType = sourcecode.c.h; path = ActionMenu.h; sourceTree = "<group>"; };
		22E8EB5A1CCF786C00E04C44 /* ActionMenu.m */ = {isa = PBXFileReference; fileEncoding = 4; lastKnownFileType = sourcecode.c.objc; path = ActionMenu.m; sourceTree = "<group>"; };
		22E8EB5B1CCF786C00E04C44 /* ActionMenu.xib */ = {isa = PBXFileReference; fileEncoding = 4; lastKnownFileType = file.xib; path = ActionMenu.xib; sourceTree = "<group>"; };
		22F723A91CC641120033A3DA /* TestProject.app */ = {isa = PBXFileReference; explicitFileType = wrapper.application; includeInIndex = 0; path = TestProject.app; sourceTree = BUILT_PRODUCTS_DIR; };
		22F723AD1CC641120033A3DA /* main.m */ = {isa = PBXFileReference; lastKnownFileType = sourcecode.c.objc; path = main.m; sourceTree = "<group>"; };
		22F723AF1CC641120033A3DA /* AppDelegate.h */ = {isa = PBXFileReference; lastKnownFileType = sourcecode.c.h; path = AppDelegate.h; sourceTree = "<group>"; };
		22F723B01CC641120033A3DA /* AppDelegate.m */ = {isa = PBXFileReference; lastKnownFileType = sourcecode.c.objc; path = AppDelegate.m; sourceTree = "<group>"; };
		22F723B81CC641120033A3DA /* Assets.xcassets */ = {isa = PBXFileReference; lastKnownFileType = folder.assetcatalog; path = Assets.xcassets; sourceTree = "<group>"; };
		22F723BD1CC641120033A3DA /* Info.plist */ = {isa = PBXFileReference; lastKnownFileType = text.plist.xml; path = Info.plist; sourceTree = "<group>"; };
		22FCD98E1CD394280005E6D4 /* iSMP.framework */ = {isa = PBXFileReference; lastKnownFileType = wrapper.framework; path = iSMP.framework; sourceTree = "<group>"; };
		22FCD9981CD8BB690005E6D4 /* TestProjectUnitTests.xctest */ = {isa = PBXFileReference; explicitFileType = wrapper.cfbundle; includeInIndex = 0; path = TestProjectUnitTests.xctest; sourceTree = BUILT_PRODUCTS_DIR; };
		22FCD99A1CD8BB690005E6D4 /* TestProjectUnitTests.m */ = {isa = PBXFileReference; lastKnownFileType = sourcecode.c.objc; path = TestProjectUnitTests.m; sourceTree = "<group>"; };
		22FCD99C1CD8BB690005E6D4 /* Info.plist */ = {isa = PBXFileReference; lastKnownFileType = text.plist.xml; path = Info.plist; sourceTree = "<group>"; };
		68F79467FE6226874023AC46 /* Pods-TestProject.debug.xcconfig */ = {isa = PBXFileReference; includeInIndex = 1; lastKnownFileType = text.xcconfig; name = "Pods-TestProject.debug.xcconfig"; path = "Pods/Target Support Files/Pods-TestProject/Pods-TestProject.debug.xcconfig"; sourceTree = "<group>"; };
		F8DD0FBD4EEBFE4F8B451E34 /* Pods-TestProject.release.xcconfig */ = {isa = PBXFileReference; includeInIndex = 1; lastKnownFileType = text.xcconfig; name = "Pods-TestProject.release.xcconfig"; path = "Pods/Target Support Files/Pods-TestProject/Pods-TestProject.release.xcconfig"; sourceTree = "<group>"; };
		FA79A25171BE1BCE8419E883 /* libPods-TestProject.a */ = {isa = PBXFileReference; explicitFileType = archive.ar; includeInIndex = 0; path = "libPods-TestProject.a"; sourceTree = BUILT_PRODUCTS_DIR; };
/* End PBXFileReference section */

/* Begin PBXFrameworksBuildPhase section */
		22F723A61CC641120033A3DA /* Frameworks */ = {
			isa = PBXFrameworksBuildPhase;
			buildActionMask = 2147483647;
			files = (
				225E17E61D2BD95200092E19 /* Valitor.a in Frameworks */,
				22FCD98F1CD394280005E6D4 /* iSMP.framework in Frameworks */,
				AACE2A213308AD74BE3B1A42 /* libPods-TestProject.a in Frameworks */,
			);
			runOnlyForDeploymentPostprocessing = 0;
		};
		22FCD9951CD8BB690005E6D4 /* Frameworks */ = {
			isa = PBXFrameworksBuildPhase;
			buildActionMask = 2147483647;
			files = (
			);
			runOnlyForDeploymentPostprocessing = 0;
		};
/* End PBXFrameworksBuildPhase section */

/* Begin PBXGroup section */
		2231977A1CF335A800CC4461 /* ViewControllers */ = {
			isa = PBXGroup;
			children = (
				223197901CF34FD500CC4461 /* Utls */,
				223197821CF336B500CC4461 /* POS-Cell */,
				22E8EB591CCF786C00E04C44 /* ActionMenu.h */,
				22E8EB5A1CCF786C00E04C44 /* ActionMenu.m */,
				22E8EB5B1CCF786C00E04C44 /* ActionMenu.xib */,
				2231977D1CF335E400CC4461 /* CompanionSelectorViewController.h */,
				2231977E1CF335E400CC4461 /* CompanionSelectorViewController.m */,
				2231977F1CF335E400CC4461 /* CompanionSelectorViewController.xib */,
				2231978D1CF340D900CC4461 /* LaunchScreen.storyboard */,
			);
			name = ViewControllers;
			sourceTree = "<group>";
		};
		223197821CF336B500CC4461 /* POS-Cell */ = {
			isa = PBXGroup;
			children = (
				223197881CF337D800CC4461 /* POSTableCell.h */,
				223197891CF337D800CC4461 /* POSTableCell.m */,
				2231978A1CF337D800CC4461 /* POSTableCell.xib */,
			);
			name = "POS-Cell";
			sourceTree = "<group>";
		};
		223197901CF34FD500CC4461 /* Utls */ = {
			isa = PBXGroup;
			children = (
				223197971CF3508500CC4461 /* SingleComponentPicker.h */,
				223197981CF3508500CC4461 /* SingleComponentPicker.m */,
				223197991CF3508500CC4461 /* SingleComponentResponseObject.h */,
				2231979A1CF3508500CC4461 /* SingleComponentResponseObject.m */,
				223197941CF3503700CC4461 /* MYUtls.h */,
				223197951CF3503700CC4461 /* MYUtls.m */,
				223197911CF34FEA00CC4461 /* PseudoModal.h */,
				223197921CF34FEA00CC4461 /* PseudoModal.m */,
			);
			name = Utls;
			sourceTree = "<group>";
		};
		22F723A01CC641120033A3DA = {
			isa = PBXGroup;
			children = (
				22F723AB1CC641120033A3DA /* TestProject */,
				22FCD9991CD8BB690005E6D4 /* TestProjectUnitTests */,
				22F723AA1CC641120033A3DA /* Products */,
				6125FB08FC385F48C60A62AB /* Frameworks */,
				40809C082964D3219B56D75B /* Pods */,
			);
			sourceTree = "<group>";
		};
		22F723AA1CC641120033A3DA /* Products */ = {
			isa = PBXGroup;
			children = (
				22F723A91CC641120033A3DA /* TestProject.app */,
				22FCD9981CD8BB690005E6D4 /* TestProjectUnitTests.xctest */,
			);
			name = Products;
			sourceTree = "<group>";
		};
		22F723AB1CC641120033A3DA /* TestProject */ = {
			isa = PBXGroup;
			children = (
				2231977A1CF335A800CC4461 /* ViewControllers */,
				22F723AF1CC641120033A3DA /* AppDelegate.h */,
				22F723B01CC641120033A3DA /* AppDelegate.m */,
				22F723B81CC641120033A3DA /* Assets.xcassets */,
				22F723BD1CC641120033A3DA /* Info.plist */,
				22F723AC1CC641120033A3DA /* Supporting Files */,
			);
			path = TestProject;
			sourceTree = "<group>";
		};
		22F723AC1CC641120033A3DA /* Supporting Files */ = {
			isa = PBXGroup;
			children = (
				2288A08D1CE2214900F62A75 /* VALResponses */,
				2205D4FF1CD0DBF300A8D261 /* serverb.p12 */,
				2232B7021CCFBC29004F606D /* Prefix.pch */,
				22F723AD1CC641120033A3DA /* main.m */,
			);
			name = "Supporting Files";
			sourceTree = "<group>";
		};
		22FCD9991CD8BB690005E6D4 /* TestProjectUnitTests */ = {
			isa = PBXGroup;
			children = (
				22FCD99A1CD8BB690005E6D4 /* TestProjectUnitTests.m */,
				22FCD99C1CD8BB690005E6D4 /* Info.plist */,
			);
			path = TestProjectUnitTests;
			sourceTree = "<group>";
		};
		40809C082964D3219B56D75B /* Pods */ = {
			isa = PBXGroup;
			children = (
				68F79467FE6226874023AC46 /* Pods-TestProject.debug.xcconfig */,
				F8DD0FBD4EEBFE4F8B451E34 /* Pods-TestProject.release.xcconfig */,
			);
			name = Pods;
			sourceTree = "<group>";
		};
		6125FB08FC385F48C60A62AB /* Frameworks */ = {
			isa = PBXGroup;
			children = (
				225E17E51D2BD95200092E19 /* Valitor.a */,
				22FCD98E1CD394280005E6D4 /* iSMP.framework */,
				FA79A25171BE1BCE8419E883 /* libPods-TestProject.a */,
			);
			name = Frameworks;
			sourceTree = "<group>";
		};
/* End PBXGroup section */

/* Begin PBXNativeTarget section */
		22F723A81CC641120033A3DA /* TestProject */ = {
			isa = PBXNativeTarget;
			buildConfigurationList = 22F723C01CC641120033A3DA /* Build configuration list for PBXNativeTarget "TestProject" */;
			buildPhases = (
				A86C5E99BCA0FB9A76899B5A /* [CP] Check Pods Manifest.lock */,
				22F723A51CC641120033A3DA /* Sources */,
				22F723A61CC641120033A3DA /* Frameworks */,
				22F723A71CC641120033A3DA /* Resources */,
				CB78B69E06A7FB787B183219 /* [CP] Embed Pods Frameworks */,
				C4B7E6BA1542C8709D003680 /* [CP] Copy Pods Resources */,
			);
			buildRules = (
			);
			dependencies = (
			);
			name = TestProject;
			productName = TestProject;
			productReference = 22F723A91CC641120033A3DA /* TestProject.app */;
			productType = "com.apple.product-type.application";
		};
		22FCD9971CD8BB690005E6D4 /* TestProjectUnitTests */ = {
			isa = PBXNativeTarget;
			buildConfigurationList = 22FCD99F1CD8BB690005E6D4 /* Build configuration list for PBXNativeTarget "TestProjectUnitTests" */;
			buildPhases = (
				22FCD9941CD8BB690005E6D4 /* Sources */,
				22FCD9951CD8BB690005E6D4 /* Frameworks */,
				22FCD9961CD8BB690005E6D4 /* Resources */,
			);
			buildRules = (
			);
			dependencies = (
				22FCD99E1CD8BB690005E6D4 /* PBXTargetDependency */,
			);
			name = TestProjectUnitTests;
			productName = TestProjectUnitTests;
			productReference = 22FCD9981CD8BB690005E6D4 /* TestProjectUnitTests.xctest */;
			productType = "com.apple.product-type.bundle.unit-test";
		};
/* End PBXNativeTarget section */

/* Begin PBXProject section */
		22F723A11CC641120033A3DA /* Project object */ = {
			isa = PBXProject;
			attributes = {
				LastUpgradeCheck = 0730;
				ORGANIZATIONNAME = Stokkur;
				TargetAttributes = {
					22F723A81CC641120033A3DA = {
						CreatedOnToolsVersion = 7.3;
						DevelopmentTeam = T8RQAH6S9B;
					};
					22FCD9971CD8BB690005E6D4 = {
						CreatedOnToolsVersion = 7.3;
						TestTargetID = 22F723A81CC641120033A3DA;
					};
				};
			};
			buildConfigurationList = 22F723A41CC641120033A3DA /* Build configuration list for PBXProject "TestProject" */;
			compatibilityVersion = "Xcode 3.2";
			developmentRegion = English;
			hasScannedForEncodings = 0;
			knownRegions = (
				en,
				Base,
			);
			mainGroup = 22F723A01CC641120033A3DA;
			productRefGroup = 22F723AA1CC641120033A3DA /* Products */;
			projectDirPath = "";
			projectRoot = "";
			targets = (
				22F723A81CC641120033A3DA /* TestProject */,
				22FCD9971CD8BB690005E6D4 /* TestProjectUnitTests */,
			);
		};
/* End PBXProject section */

/* Begin PBXResourcesBuildPhase section */
		22F723A71CC641120033A3DA /* Resources */ = {
			isa = PBXResourcesBuildPhase;
			buildActionMask = 2147483647;
			files = (
				2232B7031CCFBC29004F606D /* Prefix.pch in Resources */,
				2231978E1CF340D900CC4461 /* LaunchScreen.storyboard in Resources */,
				2205D5001CD0DBF300A8D261 /* serverb.p12 in Resources */,
				2288A08E1CE2214900F62A75 /* VALResponses in Resources */,
				2231978C1CF337D800CC4461 /* POSTableCell.xib in Resources */,
				22F723B91CC641120033A3DA /* Assets.xcassets in Resources */,
				223197811CF335E400CC4461 /* CompanionSelectorViewController.xib in Resources */,
				22E8EB5D1CCF786C00E04C44 /* ActionMenu.xib in Resources */,
			);
			runOnlyForDeploymentPostprocessing = 0;
		};
		22FCD9961CD8BB690005E6D4 /* Resources */ = {
			isa = PBXResourcesBuildPhase;
			buildActionMask = 2147483647;
			files = (
			);
			runOnlyForDeploymentPostprocessing = 0;
		};
/* End PBXResourcesBuildPhase section */

/* Begin PBXShellScriptBuildPhase section */
		A86C5E99BCA0FB9A76899B5A /* [CP] Check Pods Manifest.lock */ = {
			isa = PBXShellScriptBuildPhase;
			buildActionMask = 2147483647;
			files = (
			);
			inputPaths = (
			);
			name = "[CP] Check Pods Manifest.lock";
			outputPaths = (
			);
			runOnlyForDeploymentPostprocessing = 0;
			shellPath = /bin/sh;
			shellScript = "diff \"${PODS_ROOT}/../Podfile.lock\" \"${PODS_ROOT}/Manifest.lock\" > /dev/null\nif [[ $? != 0 ]] ; then\n    cat << EOM\nerror: The sandbox is not in sync with the Podfile.lock. Run 'pod install' or update your CocoaPods installation.\nEOM\n    exit 1\nfi\n";
			showEnvVarsInLog = 0;
		};
		C4B7E6BA1542C8709D003680 /* [CP] Copy Pods Resources */ = {
			isa = PBXShellScriptBuildPhase;
			buildActionMask = 2147483647;
			files = (
			);
			inputPaths = (
			);
			name = "[CP] Copy Pods Resources";
			outputPaths = (
			);
			runOnlyForDeploymentPostprocessing = 0;
			shellPath = /bin/sh;
			shellScript = "\"${SRCROOT}/Pods/Target Support Files/Pods-TestProject/Pods-TestProject-resources.sh\"\n";
			showEnvVarsInLog = 0;
		};
		CB78B69E06A7FB787B183219 /* [CP] Embed Pods Frameworks */ = {
			isa = PBXShellScriptBuildPhase;
			buildActionMask = 2147483647;
			files = (
			);
			inputPaths = (
			);
			name = "[CP] Embed Pods Frameworks";
			outputPaths = (
			);
			runOnlyForDeploymentPostprocessing = 0;
			shellPath = /bin/sh;
			shellScript = "\"${SRCROOT}/Pods/Target Support Files/Pods-TestProject/Pods-TestProject-frameworks.sh\"\n";
			showEnvVarsInLog = 0;
		};
/* End PBXShellScriptBuildPhase section */

/* Begin PBXSourcesBuildPhase section */
		22F723A51CC641120033A3DA /* Sources */ = {
			isa = PBXSourcesBuildPhase;
			buildActionMask = 2147483647;
			files = (
				2231979B1CF3508500CC4461 /* SingleComponentPicker.m in Sources */,
				223197961CF3503700CC4461 /* MYUtls.m in Sources */,
				2231979C1CF3508500CC4461 /* SingleComponentResponseObject.m in Sources */,
				223197931CF34FEA00CC4461 /* PseudoModal.m in Sources */,
				2231978B1CF337D800CC4461 /* POSTableCell.m in Sources */,
				22E8EB5C1CCF786C00E04C44 /* ActionMenu.m in Sources */,
				22F723B11CC641120033A3DA /* AppDelegate.m in Sources */,
				22F723AE1CC641120033A3DA /* main.m in Sources */,
				223197801CF335E400CC4461 /* CompanionSelectorViewController.m in Sources */,
			);
			runOnlyForDeploymentPostprocessing = 0;
		};
		22FCD9941CD8BB690005E6D4 /* Sources */ = {
			isa = PBXSourcesBuildPhase;
			buildActionMask = 2147483647;
			files = (
				22FCD99B1CD8BB690005E6D4 /* TestProjectUnitTests.m in Sources */,
			);
			runOnlyForDeploymentPostprocessing = 0;
		};
/* End PBXSourcesBuildPhase section */

/* Begin PBXTargetDependency section */
		22FCD99E1CD8BB690005E6D4 /* PBXTargetDependency */ = {
			isa = PBXTargetDependency;
			target = 22F723A81CC641120033A3DA /* TestProject */;
			targetProxy = 22FCD99D1CD8BB690005E6D4 /* PBXContainerItemProxy */;
		};
/* End PBXTargetDependency section */

/* Begin XCBuildConfiguration section */
		22F723BE1CC641120033A3DA /* Debug */ = {
			isa = XCBuildConfiguration;
			buildSettings = {
				ALWAYS_SEARCH_USER_PATHS = NO;
				CLANG_ANALYZER_NONNULL = YES;
				CLANG_CXX_LANGUAGE_STANDARD = "gnu++0x";
				CLANG_CXX_LIBRARY = "libc++";
				CLANG_ENABLE_MODULES = YES;
				CLANG_ENABLE_OBJC_ARC = YES;
				CLANG_WARN_BOOL_CONVERSION = YES;
				CLANG_WARN_CONSTANT_CONVERSION = YES;
				CLANG_WARN_DIRECT_OBJC_ISA_USAGE = YES_ERROR;
				CLANG_WARN_EMPTY_BODY = YES;
				CLANG_WARN_ENUM_CONVERSION = YES;
				CLANG_WARN_INT_CONVERSION = YES;
				CLANG_WARN_OBJC_ROOT_CLASS = YES_ERROR;
				CLANG_WARN_UNREACHABLE_CODE = YES;
				CLANG_WARN__DUPLICATE_METHOD_MATCH = YES;
				"CODE_SIGN_IDENTITY[sdk=iphoneos*]" = "iPhone Developer";
				COPY_PHASE_STRIP = NO;
				DEBUG_INFORMATION_FORMAT = dwarf;
				ENABLE_STRICT_OBJC_MSGSEND = YES;
				ENABLE_TESTABILITY = YES;
				GCC_C_LANGUAGE_STANDARD = gnu99;
				GCC_DYNAMIC_NO_PIC = NO;
				GCC_NO_COMMON_BLOCKS = YES;
				GCC_OPTIMIZATION_LEVEL = 0;
				GCC_PREPROCESSOR_DEFINITIONS = (
					"DEBUG=1",
					"$(inherited)",
				);
				GCC_WARN_64_TO_32_BIT_CONVERSION = YES;
				GCC_WARN_ABOUT_RETURN_TYPE = YES_ERROR;
				GCC_WARN_UNDECLARED_SELECTOR = YES;
				GCC_WARN_UNINITIALIZED_AUTOS = YES_AGGRESSIVE;
				GCC_WARN_UNUSED_FUNCTION = YES;
				GCC_WARN_UNUSED_VARIABLE = YES;
				IPHONEOS_DEPLOYMENT_TARGET = 9.3;
				MTL_ENABLE_DEBUG_INFO = YES;
				ONLY_ACTIVE_ARCH = YES;
				SDKROOT = iphoneos;
			};
			name = Debug;
		};
		22F723BF1CC641120033A3DA /* Release */ = {
			isa = XCBuildConfiguration;
			buildSettings = {
				ALWAYS_SEARCH_USER_PATHS = NO;
				CLANG_ANALYZER_NONNULL = YES;
				CLANG_CXX_LANGUAGE_STANDARD = "gnu++0x";
				CLANG_CXX_LIBRARY = "libc++";
				CLANG_ENABLE_MODULES = YES;
				CLANG_ENABLE_OBJC_ARC = YES;
				CLANG_WARN_BOOL_CONVERSION = YES;
				CLANG_WARN_CONSTANT_CONVERSION = YES;
				CLANG_WARN_DIRECT_OBJC_ISA_USAGE = YES_ERROR;
				CLANG_WARN_EMPTY_BODY = YES;
				CLANG_WARN_ENUM_CONVERSION = YES;
				CLANG_WARN_INT_CONVERSION = YES;
				CLANG_WARN_OBJC_ROOT_CLASS = YES_ERROR;
				CLANG_WARN_UNREACHABLE_CODE = YES;
				CLANG_WARN__DUPLICATE_METHOD_MATCH = YES;
				"CODE_SIGN_IDENTITY[sdk=iphoneos*]" = "iPhone Developer";
				COPY_PHASE_STRIP = NO;
				DEBUG_INFORMATION_FORMAT = "dwarf-with-dsym";
				ENABLE_NS_ASSERTIONS = NO;
				ENABLE_STRICT_OBJC_MSGSEND = YES;
				GCC_C_LANGUAGE_STANDARD = gnu99;
				GCC_NO_COMMON_BLOCKS = YES;
				GCC_WARN_64_TO_32_BIT_CONVERSION = YES;
				GCC_WARN_ABOUT_RETURN_TYPE = YES_ERROR;
				GCC_WARN_UNDECLARED_SELECTOR = YES;
				GCC_WARN_UNINITIALIZED_AUTOS = YES_AGGRESSIVE;
				GCC_WARN_UNUSED_FUNCTION = YES;
				GCC_WARN_UNUSED_VARIABLE = YES;
				IPHONEOS_DEPLOYMENT_TARGET = 9.3;
				MTL_ENABLE_DEBUG_INFO = NO;
				SDKROOT = iphoneos;
				VALIDATE_PRODUCT = YES;
			};
			name = Release;
		};
		22F723C11CC641120033A3DA /* Debug */ = {
			isa = XCBuildConfiguration;
			baseConfigurationReference = 68F79467FE6226874023AC46 /* Pods-TestProject.debug.xcconfig */;
			buildSettings = {
				ASSETCATALOG_COMPILER_APPICON_NAME = AppIcon;
				CLANG_ENABLE_MODULES = YES;
				DEVELOPMENT_TEAM = T8RQAH6S9B;
				FRAMEWORK_SEARCH_PATHS = (
					"$(inherited)",
					"$(PROJECT_DIR)",
				);
				GCC_PRECOMPILE_PREFIX_HEADER = YES;
				GCC_PREFIX_HEADER = Prefix.pch;
				GCC_THUMB_SUPPORT = NO;
				INFOPLIST_FILE = TestProject/Info.plist;
				IPHONEOS_DEPLOYMENT_TARGET = 8.0;
				LD_RUNPATH_SEARCH_PATHS = "$(inherited) @executable_path/Frameworks";
				LIBRARY_SEARCH_PATHS = (
					"$(inherited)",
					"$(PROJECT_DIR)/iSMP.framework",
					"$(PROJECT_DIR)/Pods/Valitor/Valitor/Classes",
				);
				OTHER_LDFLAGS = (
					"$(inherited)",
					"-ObjC",
					"-framework",
					"\"CoreGraphics\"",
					"-framework",
					"\"MobileCoreServices\"",
					"-framework",
					"\"Security\"",
					"-framework",
					"\"SystemConfiguration\"",
					"-all_load",
				);
				PRODUCT_BUNDLE_IDENTIFIER = is.stokkur.ios.TestProject;
				PRODUCT_NAME = "$(TARGET_NAME)";
				TARGETED_DEVICE_FAMILY = "1,2";
			};
			name = Debug;
		};
		22F723C21CC641120033A3DA /* Release */ = {
			isa = XCBuildConfiguration;
			baseConfigurationReference = F8DD0FBD4EEBFE4F8B451E34 /* Pods-TestProject.release.xcconfig */;
			buildSettings = {
				ASSETCATALOG_COMPILER_APPICON_NAME = AppIcon;
				CLANG_ENABLE_MODULES = YES;
				DEVELOPMENT_TEAM = T8RQAH6S9B;
				FRAMEWORK_SEARCH_PATHS = (
					"$(inherited)",
					"$(PROJECT_DIR)",
				);
				GCC_PRECOMPILE_PREFIX_HEADER = YES;
				GCC_PREFIX_HEADER = Prefix.pch;
				GCC_THUMB_SUPPORT = NO;
				INFOPLIST_FILE = TestProject/Info.plist;
				IPHONEOS_DEPLOYMENT_TARGET = 8.0;
				LD_RUNPATH_SEARCH_PATHS = "$(inherited) @executable_path/Frameworks";
				LIBRARY_SEARCH_PATHS = (
					"$(inherited)",
					"$(PROJECT_DIR)/iSMP.framework",
					"$(PROJECT_DIR)/Pods/Valitor/Valitor/Classes",
				);
				OTHER_LDFLAGS = (
					"$(inherited)",
					"-ObjC",
					"-framework",
					"\"CoreGraphics\"",
					"-framework",
					"\"MobileCoreServices\"",
					"-framework",
					"\"Security\"",
					"-framework",
					"\"SystemConfiguration\"",
					"-all_load",
				);
				PRODUCT_BUNDLE_IDENTIFIER = is.stokkur.ios.TestProject;
				PRODUCT_NAME = "$(TARGET_NAME)";
				TARGETED_DEVICE_FAMILY = "1,2";
			};
			name = Release;
		};
		22FCD9A01CD8BB690005E6D4 /* Debug */ = {
			isa = XCBuildConfiguration;
			buildSettings = {
				BUNDLE_LOADER = "$(TEST_HOST)";
				INFOPLIST_FILE = TestProjectUnitTests/Info.plist;
				LD_RUNPATH_SEARCH_PATHS = "$(inherited) @executable_path/Frameworks @loader_path/Frameworks";
				PRODUCT_BUNDLE_IDENTIFIER = is.stokkur.ios.TestProjectUnitTests;
				PRODUCT_NAME = "$(TARGET_NAME)";
				TEST_HOST = "$(BUILT_PRODUCTS_DIR)/TestProject.app/TestProject";
			};
			name = Debug;
		};
		22FCD9A11CD8BB690005E6D4 /* Release */ = {
			isa = XCBuildConfiguration;
			buildSettings = {
				BUNDLE_LOADER = "$(TEST_HOST)";
				INFOPLIST_FILE = TestProjectUnitTests/Info.plist;
				LD_RUNPATH_SEARCH_PATHS = "$(inherited) @executable_path/Frameworks @loader_path/Frameworks";
				PRODUCT_BUNDLE_IDENTIFIER = is.stokkur.ios.TestProjectUnitTests;
				PRODUCT_NAME = "$(TARGET_NAME)";
				TEST_HOST = "$(BUILT_PRODUCTS_DIR)/TestProject.app/TestProject";
			};
			name = Release;
		};
/* End XCBuildConfiguration section */

/* Begin XCConfigurationList section */
		22F723A41CC641120033A3DA /* Build configuration list for PBXProject "TestProject" */ = {
			isa = XCConfigurationList;
			buildConfigurations = (
				22F723BE1CC641120033A3DA /* Debug */,
				22F723BF1CC641120033A3DA /* Release */,
			);
			defaultConfigurationIsVisible = 0;
			defaultConfigurationName = Release;
		};
		22F723C01CC641120033A3DA /* Build configuration list for PBXNativeTarget "TestProject" */ = {
			isa = XCConfigurationList;
			buildConfigurations = (
				22F723C11CC641120033A3DA /* Debug */,
				22F723C21CC641120033A3DA /* Release */,
			);
			defaultConfigurationIsVisible = 0;
			defaultConfigurationName = Release;
		};
		22FCD99F1CD8BB690005E6D4 /* Build configuration list for PBXNativeTarget "TestProjectUnitTests" */ = {
			isa = XCConfigurationList;
			buildConfigurations = (
				22FCD9A01CD8BB690005E6D4 /* Debug */,
				22FCD9A11CD8BB690005E6D4 /* Release */,
			);
			defaultConfigurationIsVisible = 0;
			defaultConfigurationName = Release;
		};
/* End XCConfigurationList section */
	};
	rootObject = 22F723A11CC641120033A3DA /* Project object */;
}
